<?xml version="1.0" encoding="utf-8"?>
<Project ToolsVersion="4.0" xmlns="http://schemas.microsoft.com/developer/msbuild/2003">
  <ItemGroup>
    <Filter Include="リソース ファイル">
      <UniqueIdentifier>{67DA6AB6-F800-4c08-8B7A-83BB121AAD01}</UniqueIdentifier>
      <Extensions>rc;ico;cur;bmp;dlg;rc2;rct;bin;rgs;gif;jpg;jpeg;jpe;resx;tiff;tif;png;wav;mfcribbon-ms</Extensions>
    </Filter>
    <Filter Include="システム">
      <UniqueIdentifier>{2a674479-747d-4b98-a217-447af06c09f1}</UniqueIdentifier>
    </Filter>
    <Filter Include="オブジェクト">
      <UniqueIdentifier>{26276af0-11f7-4f23-aa68-0ba0442fe6fa}</UniqueIdentifier>
    </Filter>
    <Filter Include="メイン">
      <UniqueIdentifier>{4fe637f4-6403-45e0-a73e-5e1254665700}</UniqueIdentifier>
    </Filter>
    <Filter Include="リソース ファイル\ソース ファイル">
      <UniqueIdentifier>{4FC737F1-C7A5-4376-A066-2A32D752A2FF}</UniqueIdentifier>
      <Extensions>cpp;c;cc;cxx;def;odl;idl;hpj;bat;asm;asmx</Extensions>
    </Filter>
    <Filter Include="リソース ファイル\ヘッダー ファイル">
      <UniqueIdentifier>{93995380-89BD-4b04-88EB-625FBE52EBFB}</UniqueIdentifier>
      <Extensions>h;hh;hpp;hxx;hm;inl;inc;xsd</Extensions>
    </Filter>
  </ItemGroup>
  <ItemGroup>
    <ClCompile Include="enemy.cpp">
      <Filter>オブジェクト</Filter>
    </ClCompile>
    <ClCompile Include="object.cpp">
      <Filter>オブジェクト</Filter>
    </ClCompile>
    <ClCompile Include="object2d.cpp">
      <Filter>オブジェクト</Filter>
    </ClCompile>
    <ClCompile Include="object3d.cpp">
      <Filter>オブジェクト</Filter>
    </ClCompile>
    <ClCompile Include="motion.cpp">
      <Filter>オブジェクト</Filter>
    </ClCompile>
    <ClCompile Include="particle.cpp">
      <Filter>オブジェクト</Filter>
    </ClCompile>
    <ClCompile Include="character.cpp">
      <Filter>オブジェクト</Filter>
    </ClCompile>
    <ClCompile Include="player.cpp">
      <Filter>オブジェクト</Filter>
    </ClCompile>
    <ClCompile Include="bullet.cpp">
      <Filter>オブジェクト</Filter>
    </ClCompile>
    <ClCompile Include="gon.cpp">
      <Filter>オブジェクト</Filter>
    </ClCompile>
    <ClCompile Include="file.cpp">
      <Filter>システム</Filter>
    </ClCompile>
    <ClCompile Include="input.cpp">
      <Filter>システム</Filter>
    </ClCompile>
    <ClCompile Include="inputkeyboard.cpp">
      <Filter>システム</Filter>
    </ClCompile>
    <ClCompile Include="light.cpp">
      <Filter>システム</Filter>
    </ClCompile>
    <ClCompile Include="manager.cpp">
      <Filter>システム</Filter>
    </ClCompile>
    <ClCompile Include="texture.cpp">
      <Filter>システム</Filter>
    </ClCompile>
    <ClCompile Include="utility.cpp">
      <Filter>システム</Filter>
    </ClCompile>
    <ClCompile Include="renderer.cpp">
      <Filter>システム</Filter>
    </ClCompile>
    <ClCompile Include="camera.cpp">
      <Filter>システム</Filter>
    </ClCompile>
    <ClCompile Include="letter.cpp">
      <Filter>システム</Filter>
    </ClCompile>
    <ClCompile Include="main.cpp">
      <Filter>メイン</Filter>
    </ClCompile>
    <ClCompile Include="mesh.cpp">
      <Filter>オブジェクト</Filter>
    </ClCompile>
  </ItemGroup>
  <ItemGroup>
    <ClInclude Include="enemy.h">
      <Filter>オブジェクト</Filter>
    </ClInclude>
    <ClInclude Include="gon.h">
      <Filter>オブジェクト</Filter>
    </ClInclude>
    <ClInclude Include="object.h">
      <Filter>オブジェクト</Filter>
    </ClInclude>
    <ClInclude Include="object2d.h">
      <Filter>オブジェクト</Filter>
    </ClInclude>
    <ClInclude Include="object3d.h">
      <Filter>オブジェクト</Filter>
    </ClInclude>
    <ClInclude Include="particle.h">
      <Filter>オブジェクト</Filter>
    </ClInclude>
    <ClInclude Include="player.h">
      <Filter>オブジェクト</Filter>
    </ClInclude>
    <ClInclude Include="bullet.h">
      <Filter>オブジェクト</Filter>
    </ClInclude>
    <ClInclude Include="camera.h">
      <Filter>システム</Filter>
    </ClInclude>
    <ClInclude Include="file.h">
      <Filter>システム</Filter>
    </ClInclude>
    <ClInclude Include="input.h">
      <Filter>システム</Filter>
    </ClInclude>
    <ClInclude Include="inputkeyboard.h">
      <Filter>システム</Filter>
    </ClInclude>
    <ClInclude Include="letter.h">
      <Filter>システム</Filter>
    </ClInclude>
    <ClInclude Include="light.h">
      <Filter>システム</Filter>
    </ClInclude>
    <ClInclude Include="manager.h">
      <Filter>システム</Filter>
    </ClInclude>
    <ClInclude Include="renderer.h">
      <Filter>システム</Filter>
    </ClInclude>
    <ClInclude Include="Resource.h">
      <Filter>システム</Filter>
    </ClInclude>
    <ClInclude Include="texture.h">
      <Filter>システム</Filter>
    </ClInclude>
    <ClInclude Include="utility.h">
      <Filter>システム</Filter>
    </ClInclude>
    <ClInclude Include="main.h">
      <Filter>メイン</Filter>
    </ClInclude>
    <ClInclude Include="motion.h">
      <Filter>オブジェクト</Filter>
    </ClInclude>
    <ClInclude Include="character.h">
      <Filter>オブジェクト</Filter>
    </ClInclude>
    <ClInclude Include="mesh.h">
      <Filter>オブジェクト</Filter>
    </ClInclude>
  </ItemGroup>
  <ItemGroup>
    <ResourceCompile Include="pori.rc">
      <Filter>リソース ファイル</Filter>
    </ResourceCompile>
  </ItemGroup>
  <ItemGroup>
    <Image Include="icon1.ico">
      <Filter>リソース ファイル</Filter>
    </Image>
    <Image Include="ico00001.ico">
      <Filter>リソース ファイル</Filter>
    </Image>
    <Image Include="gonn.ico">
      <Filter>リソース ファイル</Filter>
    </Image>
  </ItemGroup>
</Project>